Microsoft Visual Studio Solution File, Format Version 11.00
# Visual Studio 2008

Project("{21DB2BAA-02E6-FB6B-D852-491909D02886}") = "EscapeFrom", "Assembly-CSharp.csproj", "{A64C4ADC-EDAA-AE0A-9413-13108B37D92B}"
EndProject
Global
	GlobalSection(SolutionConfigurationPlatforms) = preSolution
		Debug|Any CPU = Debug|Any CPU
		Release|Any CPU = Release|Any CPU
	EndGlobalSection
	GlobalSection(ProjectConfigurationPlatforms) = postSolution
		{A64C4ADC-EDAA-AE0A-9413-13108B37D92B}.Debug|Any CPU.ActiveCfg = Debug|Any CPU
		{A64C4ADC-EDAA-AE0A-9413-13108B37D92B}.Debug|Any CPU.Build.0 = Debug|Any CPU
		{A64C4ADC-EDAA-AE0A-9413-13108B37D92B}.Release|Any CPU.ActiveCfg = Release|Any CPU
		{A64C4ADC-EDAA-AE0A-9413-13108B37D92B}.Release|Any CPU.Build.0 = Release|Any CPU
	EndGlobalSection
	GlobalSection(SolutionProperties) = preSolution
		HideSolutionNode = FALSE
	EndGlobalSection
	GlobalSection(MonoDevelopProperties) = preSolution
		StartupItem = Assembly-CSharp.csproj
	EndGlobalSection
EndGlobal
